
Microsoft Visual Studio Solution File, Format Version 12.00
# Visual Studio Version 16
VisualStudioVersion = 16.0.28803.452
MinimumVisualStudioVersion = 10.0.40219.1
Project("{FAE04EC0-301F-11D3-BF4B-00C04F79EFBC}") = "MvcUniversity", "MvcUniversity\MvcUniversity.csproj", "{79D3060E-D5D8-4A49-80F0-B31B41330D20}"
EndProject
Global
	GlobalSection(SolutionConfigurationPlatforms) = preSolution
		Debug|Any CPU = Debug|Any CPU
		Release|Any CPU = Release|Any CPU
	EndGlobalSection
	GlobalSection(ProjectConfigurationPlatforms) = postSolution
		{79D3060E-D5D8-4A49-80F0-B31B41330D20}.Debug|Any CPU.ActiveCfg = Debug|Any CPU
		{79D3060E-D5D8-4A49-80F0-B31B41330D20}.Debug|Any CPU.Build.0 = Debug|Any CPU
		{79D3060E-D5D8-4A49-80F0-B31B41330D20}.Release|Any CPU.ActiveCfg = Release|Any CPU
		{79D3060E-D5D8-4A49-80F0-B31B41330D20}.Release|Any CPU.Build.0 = Release|Any CPU
	EndGlobalSection
	GlobalSection(SolutionProperties) = preSolution
		HideSolutionNode = FALSE
	EndGlobalSection
	GlobalSection(ExtensibilityGlobals) = postSolution
		SolutionGuid = {4F5B26B1-8D57-4D99-B2BB-D70E9CBE59F4}
	EndGlobalSection
EndGlobal
